{
  "name": "raph",
  "version": "1.0.0",
  "lockfileVersion": 2,
  "requires": true,
  "packages": {
    "": {
      "version": "1.0.0",
      "license": "ISC",
      "dependencies": {
        "@inquirer/prompts": "^5.0.3",
        "g": "^2.0.1",
        "yargs": "^17.7.2"
      },
      "bin": {
        "raph": "build/index.js"
      },
      "devDependencies": {
        "@types/node": "^20.11.20",
        "@types/yargs": "^17.0.32",
        "typescript": "^5.3.3"
      }
    },
    "node_modules/@inquirer/checkbox": {
      "version": "2.3.3",
      "resolved": "https://registry.npmjs.org/@inquirer/checkbox/-/checkbox-2.3.3.tgz",
      "integrity": "sha512-R64X8RVjVrMLg9wmCB5WTy8R97a/zAYrPdjY1tOybadg4zwx7mk+0Fy69H1pT0x4PRdcMO/CyPmDI0gLooakmw==",
      "dependencies": {
        "@inquirer/core": "^8.2.0",
        "@inquirer/figures": "^1.0.1",
        "@inquirer/type": "^1.3.1",
        "ansi-escapes": "^4.3.2",
        "chalk": "^4.1.2"
      },
      "engines": {
        "node": ">=18"
      }
    },
    "node_modules/@inquirer/confirm": {
      "version": "3.1.7",
      "resolved": "https://registry.npmjs.org/@inquirer/confirm/-/confirm-3.1.7.tgz",
      "integrity": "sha512-BZjjj19W8gnh5UGFTdP5ZxpgMNRjy03Dzq3k28sB2MDlEUFrcyTkMEoGgvBmGpUw0vNBoCJkTcbHZ3e9tb+d+w==",
      "dependencies": {
        "@inquirer/core": "^8.2.0",
        "@inquirer/type": "^1.3.1"
      },
      "engines": {
        "node": ">=18"
      }
    },
    "node_modules/@inquirer/core": {
      "version": "8.2.0",
      "resolved": "https://registry.npmjs.org/@inquirer/core/-/core-8.2.0.tgz",
      "integrity": "sha512-pexNF9j2orvMMTgoQ/uKOw8V6/R7x/sIDwRwXRhl4i0pPSh6paRzFehpFKpfMbqix1/+gzCekhYTmVbQpWkVjQ==",
      "dependencies": {
        "@inquirer/figures": "^1.0.1",
        "@inquirer/type": "^1.3.1",
        "@types/mute-stream": "^0.0.4",
        "@types/node": "^20.12.11",
        "@types/wrap-ansi": "^3.0.0",
        "ansi-escapes": "^4.3.2",
        "chalk": "^4.1.2",
        "cli-spinners": "^2.9.2",
        "cli-width": "^4.1.0",
        "mute-stream": "^1.0.0",
        "signal-exit": "^4.1.0",
        "strip-ansi": "^6.0.1",
        "wrap-ansi": "^6.2.0"
      },
      "engines": {
        "node": ">=18"
      }
    },
    "node_modules/@inquirer/core/node_modules/wrap-ansi": {
      "version": "6.2.0",
      "resolved": "https://registry.npmjs.org/wrap-ansi/-/wrap-ansi-6.2.0.tgz",
      "integrity": "sha512-r6lPcBGxZXlIcymEu7InxDMhdW0KDxpLgoFLcguasxCaJ/SOIZwINatK9KY/tf+ZrlywOKU0UDj3ATXUBfxJXA==",
      "dependencies": {
        "ansi-styles": "^4.0.0",
        "string-width": "^4.1.0",
        "strip-ansi": "^6.0.0"
      },
      "engines": {
        "node": ">=8"
      }
    },
    "node_modules/@inquirer/editor": {
      "version": "2.1.7",
      "resolved": "https://registry.npmjs.org/@inquirer/editor/-/editor-2.1.7.tgz",
      "integrity": "sha512-CGZk//rg57zgXqMp8q8tE2HCc5/rwCC0IwIEtZeb1BF/GJIFlijp4wvN9PeXHsEQ+ul2qRz/0dEk1JqmZzbSbA==",
      "dependencies": {
        "@inquirer/core": "^8.2.0",
        "@inquirer/type": "^1.3.1",
        "external-editor": "^3.1.0"
      },
      "engines": {
        "node": ">=18"
      }
    },
    "node_modules/@inquirer/expand": {
      "version": "2.1.7",
      "resolved": "https://registry.npmjs.org/@inquirer/expand/-/expand-2.1.7.tgz",
      "integrity": "sha512-zwdd5Zur3kdlpthXwk3O4kH5/bXAdZA/Qfl9v7MFf2Un68Cq8XLATp/gH3iMkHcQtyyBemPFgzD9pHNq0piToQ==",
      "dependencies": {
        "@inquirer/core": "^8.2.0",
        "@inquirer/type": "^1.3.1",
        "chalk": "^4.1.2"
      },
      "engines": {
        "node": ">=18"
      }
    },
    "node_modules/@inquirer/figures": {
      "version": "1.0.1",
      "resolved": "https://registry.npmjs.org/@inquirer/figures/-/figures-1.0.1.tgz",
      "integrity": "sha512-mtup3wVKia3ZwULPHcbs4Mor8Voi+iIXEWD7wCNbIO6lYR62oPCTQyrddi5OMYVXHzeCSoneZwJuS8sBvlEwDw==",
      "engines": {
        "node": ">=18"
      }
    },
    "node_modules/@inquirer/input": {
      "version": "2.1.7",
      "resolved": "https://registry.npmjs.org/@inquirer/input/-/input-2.1.7.tgz",
      "integrity": "sha512-eRdwlHJI4bpYsi4icIthsz1rZGIrlfufzRZdCf2i1qfQZ8d3vLTWcILIWV7cnjD4v/nrZ81RthRaQog/uxlcGA==",
      "dependencies": {
        "@inquirer/core": "^8.2.0",
        "@inquirer/type": "^1.3.1"
      },
      "engines": {
        "node": ">=18"
      }
    },
    "node_modules/@inquirer/password": {
      "version": "2.1.7",
      "resolved": "https://registry.npmjs.org/@inquirer/password/-/password-2.1.7.tgz",
      "integrity": "sha512-RshkS0CRJYJO4Yxbl6MqkC3OQlU4Dmv4mNxxvoYYfRcPtC/UBLYcddm+lIDHi3zegkto9kmSNYXTCQKYNxinvg==",
      "dependencies": {
        "@inquirer/core": "^8.2.0",
        "@inquirer/type": "^1.3.1",
        "ansi-escapes": "^4.3.2"
      },
      "engines": {
        "node": ">=18"
      }
    },
    "node_modules/@inquirer/prompts": {
      "version": "5.0.3",
      "resolved": "https://registry.npmjs.org/@inquirer/prompts/-/prompts-5.0.3.tgz",
      "integrity": "sha512-OuSDMbUDlJUOXzlC0z35KWPH+2+W7Y8jPayT92A3L2Ip4ChM4XgcqNlOdPxoDTvKRMcDIddI8gzAQg1WtNB7gA==",
      "dependencies": {
        "@inquirer/checkbox": "^2.3.3",
        "@inquirer/confirm": "^3.1.7",
        "@inquirer/editor": "^2.1.7",
        "@inquirer/expand": "^2.1.7",
        "@inquirer/input": "^2.1.7",
        "@inquirer/password": "^2.1.7",
        "@inquirer/rawlist": "^2.1.7",
        "@inquirer/select": "^2.3.3"
      },
      "engines": {
        "node": ">=18"
      }
    },
    "node_modules/@inquirer/rawlist": {
      "version": "2.1.7",
      "resolved": "https://registry.npmjs.org/@inquirer/rawlist/-/rawlist-2.1.7.tgz",
      "integrity": "sha512-r4tsdYWsYanwEl7MBqmf8GaZTbUAh51C3tMwozOYrAl2wT9YEQVSMDlkcMToFsisRCSq6mQ6zppv92masx4WRQ==",
      "dependencies": {
        "@inquirer/core": "^8.2.0",
        "@inquirer/type": "^1.3.1",
        "chalk": "^4.1.2"
      },
      "engines": {
        "node": ">=18"
      }
    },
    "node_modules/@inquirer/select": {
      "version": "2.3.3",
      "resolved": "https://registry.npmjs.org/@inquirer/select/-/select-2.3.3.tgz",
      "integrity": "sha512-0ptHMogTnyTNKIJVEfCl4fFDQSzIR2/SjgBoD1MLXDszP3UbkYroZ9ii3e6x7dMCWrPGkGWZPyxpy3Rs55vWLw==",
      "dependencies": {
        "@inquirer/core": "^8.2.0",
        "@inquirer/figures": "^1.0.1",
        "@inquirer/type": "^1.3.1",
        "ansi-escapes": "^4.3.2",
        "chalk": "^4.1.2"
      },
      "engines": {
        "node": ">=18"
      }
    },
    "node_modules/@inquirer/type": {
      "version": "1.3.1",
      "resolved": "https://registry.npmjs.org/@inquirer/type/-/type-1.3.1.tgz",
      "integrity": "sha512-Pe3PFccjPVJV1vtlfVvm9OnlbxqdnP5QcscFEFEnK5quChf1ufZtM0r8mR5ToWHMxZOh0s8o/qp9ANGRTo/DAw==",
      "engines": {
        "node": ">=18"
      }
    },
    "node_modules/@types/mute-stream": {
      "version": "0.0.4",
      "resolved": "https://registry.npmjs.org/@types/mute-stream/-/mute-stream-0.0.4.tgz",
      "integrity": "sha512-CPM9nzrCPPJHQNA9keH9CVkVI+WR5kMa+7XEs5jcGQ0VoAGnLv242w8lIVgwAEfmE4oufJRaTc9PNLQl0ioAow==",
      "dependencies": {
        "@types/node": "*"
      }
    },
    "node_modules/@types/node": {
      "version": "20.12.12",
      "resolved": "https://registry.npmjs.org/@types/node/-/node-20.12.12.tgz",
      "integrity": "sha512-eWLDGF/FOSPtAvEqeRAQ4C8LSA7M1I7i0ky1I8U7kD1J5ITyW3AsRhQrKVoWf5pFKZ2kILsEGJhsI9r93PYnOw==",
      "dependencies": {
        "undici-types": "~5.26.4"
      }
    },
    "node_modules/@types/wrap-ansi": {
      "version": "3.0.0",
      "resolved": "https://registry.npmjs.org/@types/wrap-ansi/-/wrap-ansi-3.0.0.tgz",
      "integrity": "sha512-ltIpx+kM7g/MLRZfkbL7EsCEjfzCcScLpkg37eXEtx5kmrAKBkTJwd1GIAjDSL8wTpM6Hzn5YO4pSb91BEwu1g=="
    },
    "node_modules/@types/yargs": {
      "version": "17.0.32",
      "resolved": "https://registry.npmjs.org/@types/yargs/-/yargs-17.0.32.tgz",
      "integrity": "sha512-xQ67Yc/laOG5uMfX/093MRlGGCIBzZMarVa+gfNKJxWAIgykYpVGkBdbqEzGDDfCrVUj6Hiff4mTZ5BA6TmAog==",
      "dev": true,
      "dependencies": {
        "@types/yargs-parser": "*"
      }
    },
    "node_modules/@types/yargs-parser": {
      "version": "21.0.3",
      "resolved": "https://registry.npmjs.org/@types/yargs-parser/-/yargs-parser-21.0.3.tgz",
      "integrity": "sha512-I4q9QU9MQv4oEOz4tAHJtNz1cwuLxn2F3xcc2iV5WdqLPpUnj30aUuxt1mAxYTG+oe8CZMV/+6rU4S4gRDzqtQ==",
      "dev": true
    },
    "node_modules/ansi-escapes": {
      "version": "4.3.2",
      "resolved": "https://registry.npmjs.org/ansi-escapes/-/ansi-escapes-4.3.2.tgz",
      "integrity": "sha512-gKXj5ALrKWQLsYG9jlTRmR/xKluxHV+Z9QEwNIgCfM1/uwPMCuzVVnh5mwTd+OuBZcwSIMbqssNWRm1lE51QaQ==",
      "dependencies": {
        "type-fest": "^0.21.3"
      },
      "engines": {
        "node": ">=8"
      },
      "funding": {
        "url": "https://github.com/sponsors/sindresorhus"
      }
    },
    "node_modules/ansi-regex": {
      "version": "5.0.1",
      "resolved": "https://registry.npmjs.org/ansi-regex/-/ansi-regex-5.0.1.tgz",
      "integrity": "sha512-quJQXlTSUGL2LH9SUXo8VwsY4soanhgo6LNSm84E1LBcE8s3O0wpdiRzyR9z/ZZJMlMWv37qOOb9pdJlMUEKFQ==",
      "engines": {
        "node": ">=8"
      }
    },
    "node_modules/ansi-styles": {
      "version": "4.3.0",
      "resolved": "https://registry.npmjs.org/ansi-styles/-/ansi-styles-4.3.0.tgz",
      "integrity": "sha512-zbB9rCJAT1rbjiVDb2hqKFHNYLxgtk8NURxZ3IZwD3F6NtxbXZQCnnSi1Lkx+IDohdPlFp222wVALIheZJQSEg==",
      "dependencies": {
        "color-convert": "^2.0.1"
      },
      "engines": {
        "node": ">=8"
      },
      "funding": {
        "url": "https://github.com/chalk/ansi-styles?sponsor=1"
      }
    },
    "node_modules/chalk": {
      "version": "4.1.2",
      "resolved": "https://registry.npmjs.org/chalk/-/chalk-4.1.2.tgz",
      "integrity": "sha512-oKnbhFyRIXpUuez8iBMmyEa4nbj4IOQyuhc/wy9kY7/WVPcwIO9VA668Pu8RkO7+0G76SLROeyw9CpQ061i4mA==",
      "dependencies": {
        "ansi-styles": "^4.1.0",
        "supports-color": "^7.1.0"
      },
      "engines": {
        "node": ">=10"
      },
      "funding": {
        "url": "https://github.com/chalk/chalk?sponsor=1"
      }
    },
    "node_modules/chardet": {
      "version": "0.7.0",
      "resolved": "https://registry.npmjs.org/chardet/-/chardet-0.7.0.tgz",
      "integrity": "sha512-mT8iDcrh03qDGRRmoA2hmBJnxpllMR+0/0qlzjqZES6NdiWDcZkCNAk4rPFZ9Q85r27unkiNNg8ZOiwZXBHwcA=="
    },
    "node_modules/cli-spinners": {
      "version": "2.9.2",
      "resolved": "https://registry.npmjs.org/cli-spinners/-/cli-spinners-2.9.2.tgz",
      "integrity": "sha512-ywqV+5MmyL4E7ybXgKys4DugZbX0FC6LnwrhjuykIjnK9k8OQacQ7axGKnjDXWNhns0xot3bZI5h55H8yo9cJg==",
      "engines": {
        "node": ">=6"
      },
      "funding": {
        "url": "https://github.com/sponsors/sindresorhus"
      }
    },
    "node_modules/cli-width": {
      "version": "4.1.0",
      "resolved": "https://registry.npmjs.org/cli-width/-/cli-width-4.1.0.tgz",
      "integrity": "sha512-ouuZd4/dm2Sw5Gmqy6bGyNNNe1qt9RpmxveLSO7KcgsTnU7RXfsw+/bukWGo1abgBiMAic068rclZsO4IWmmxQ==",
      "engines": {
        "node": ">= 12"
      }
    },
    "node_modules/cliui": {
      "version": "8.0.1",
      "resolved": "https://registry.npmjs.org/cliui/-/cliui-8.0.1.tgz",
      "integrity": "sha512-BSeNnyus75C4//NQ9gQt1/csTXyo/8Sb+afLAkzAptFuMsod9HFokGNudZpi/oQV73hnVK+sR+5PVRMd+Dr7YQ==",
      "dependencies": {
        "string-width": "^4.2.0",
        "strip-ansi": "^6.0.1",
        "wrap-ansi": "^7.0.0"
      },
      "engines": {
        "node": ">=12"
      }
    },
    "node_modules/color-convert": {
      "version": "2.0.1",
      "resolved": "https://registry.npmjs.org/color-convert/-/color-convert-2.0.1.tgz",
      "integrity": "sha512-RRECPsj7iu/xb5oKYcsFHSppFNnsj/52OVTRKb4zP5onXwVF3zVmmToNcOfGC+CRDpfK/U584fMg38ZHCaElKQ==",
      "dependencies": {
        "color-name": "~1.1.4"
      },
      "engines": {
        "node": ">=7.0.0"
      }
    },
    "node_modules/color-name": {
      "version": "1.1.4",
      "resolved": "https://registry.npmjs.org/color-name/-/color-name-1.1.4.tgz",
      "integrity": "sha512-dOy+3AuW3a2wNbZHIuMZpTcgjGuLU/uBL/ubcZF9OXbDo8ff4O8yVp5Bf0efS8uEoYo5q4Fx7dY9OgQGXgAsQA=="
    },
    "node_modules/emoji-regex": {
      "version": "8.0.0",
      "resolved": "https://registry.npmjs.org/emoji-regex/-/emoji-regex-8.0.0.tgz",
      "integrity": "sha512-MSjYzcWNOA0ewAHpz0MxpYFvwg6yjy1NG3xteoqz644VCo/RPgnr1/GGt+ic3iJTzQ8Eu3TdM14SawnVUmGE6A=="
    },
    "node_modules/escalade": {
      "version": "3.1.2",
      "resolved": "https://registry.npmjs.org/escalade/-/escalade-3.1.2.tgz",
      "integrity": "sha512-ErCHMCae19vR8vQGe50xIsVomy19rg6gFu3+r3jkEO46suLMWBksvVyoGgQV+jOfl84ZSOSlmv6Gxa89PmTGmA==",
      "engines": {
        "node": ">=6"
      }
    },
    "node_modules/external-editor": {
      "version": "3.1.0",
      "resolved": "https://registry.npmjs.org/external-editor/-/external-editor-3.1.0.tgz",
      "integrity": "sha512-hMQ4CX1p1izmuLYyZqLMO/qGNw10wSv9QDCPfzXfyFrOaCSSoRfqE1Kf1s5an66J5JZC62NewG+mK49jOCtQew==",
      "dependencies": {
        "chardet": "^0.7.0",
        "iconv-lite": "^0.4.24",
        "tmp": "^0.0.33"
      },
      "engines": {
        "node": ">=4"
      }
    },
    "node_modules/g": {
      "version": "2.0.1",
      "resolved": "https://registry.npmjs.org/g/-/g-2.0.1.tgz",
      "integrity": "sha512-Fi6Ng5fZ/ANLQ15H11hCe+09sgUoNvDEBevVgx3KoYOhsH5iLNPn54hx0jPZ+3oSWr+xajnp2Qau9VmPsc7hTA=="
    },
    "node_modules/get-caller-file": {
      "version": "2.0.5",
      "resolved": "https://registry.npmjs.org/get-caller-file/-/get-caller-file-2.0.5.tgz",
      "integrity": "sha512-DyFP3BM/3YHTQOCUL/w0OZHR0lpKeGrxotcHWcqNEdnltqFwXVfhEBQ94eIo34AfQpo0rGki4cyIiftY06h2Fg==",
      "engines": {
        "node": "6.* || 8.* || >= 10.*"
      }
    },
    "node_modules/has-flag": {
      "version": "4.0.0",
      "resolved": "https://registry.npmjs.org/has-flag/-/has-flag-4.0.0.tgz",
      "integrity": "sha512-EykJT/Q1KjTWctppgIAgfSO0tKVuZUjhgMr17kqTumMl6Afv3EISleU7qZUzoXDFTAHTDC4NOoG/ZxU3EvlMPQ==",
      "engines": {
        "node": ">=8"
      }
    },
    "node_modules/iconv-lite": {
      "version": "0.4.24",
      "resolved": "https://registry.npmjs.org/iconv-lite/-/iconv-lite-0.4.24.tgz",
      "integrity": "sha512-v3MXnZAcvnywkTUEZomIActle7RXXeedOR31wwl7VlyoXO4Qi9arvSenNQWne1TcRwhCL1HwLI21bEqdpj8/rA==",
      "dependencies": {
        "safer-buffer": ">= 2.1.2 < 3"
      },
      "engines": {
        "node": ">=0.10.0"
      }
    },
    "node_modules/is-fullwidth-code-point": {
      "version": "3.0.0",
      "resolved": "https://registry.npmjs.org/is-fullwidth-code-point/-/is-fullwidth-code-point-3.0.0.tgz",
      "integrity": "sha512-zymm5+u+sCsSWyD9qNaejV3DFvhCKclKdizYaJUuHA83RLjb7nSuGnddCHGv0hk+KY7BMAlsWeK4Ueg6EV6XQg==",
      "engines": {
        "node": ">=8"
      }
    },
    "node_modules/mute-stream": {
      "version": "1.0.0",
      "resolved": "https://registry.npmjs.org/mute-stream/-/mute-stream-1.0.0.tgz",
      "integrity": "sha512-avsJQhyd+680gKXyG/sQc0nXaC6rBkPOfyHYcFb9+hdkqQkR9bdnkJ0AMZhke0oesPqIO+mFFJ+IdBc7mst4IA==",
      "engines": {
        "node": "^14.17.0 || ^16.13.0 || >=18.0.0"
      }
    },
    "node_modules/os-tmpdir": {
      "version": "1.0.2",
      "resolved": "https://registry.npmjs.org/os-tmpdir/-/os-tmpdir-1.0.2.tgz",
      "integrity": "sha512-D2FR03Vir7FIu45XBY20mTb+/ZSWB00sjU9jdQXt83gDrI4Ztz5Fs7/yy74g2N5SVQY4xY1qDr4rNddwYRVX0g==",
      "engines": {
        "node": ">=0.10.0"
      }
    },
    "node_modules/require-directory": {
      "version": "2.1.1",
      "resolved": "https://registry.npmjs.org/require-directory/-/require-directory-2.1.1.tgz",
      "integrity": "sha512-fGxEI7+wsG9xrvdjsrlmL22OMTTiHRwAMroiEeMgq8gzoLC/PQr7RsRDSTLUg/bZAZtF+TVIkHc6/4RIKrui+Q==",
      "engines": {
        "node": ">=0.10.0"
      }
    },
    "node_modules/safer-buffer": {
      "version": "2.1.2",
      "resolved": "https://registry.npmjs.org/safer-buffer/-/safer-buffer-2.1.2.tgz",
      "integrity": "sha512-YZo3K82SD7Riyi0E1EQPojLz7kpepnSQI9IyPbHHg1XXXevb5dJI7tpyN2ADxGcQbHG7vcyRHk0cbwqcQriUtg=="
    },
    "node_modules/signal-exit": {
      "version": "4.1.0",
      "resolved": "https://registry.npmjs.org/signal-exit/-/signal-exit-4.1.0.tgz",
      "integrity": "sha512-bzyZ1e88w9O1iNJbKnOlvYTrWPDl46O1bG0D3XInv+9tkPrxrN8jUUTiFlDkkmKWgn1M6CfIA13SuGqOa9Korw==",
      "engines": {
        "node": ">=14"
      },
      "funding": {
        "url": "https://github.com/sponsors/isaacs"
      }
    },
    "node_modules/string-width": {
      "version": "4.2.3",
      "resolved": "https://registry.npmjs.org/string-width/-/string-width-4.2.3.tgz",
      "integrity": "sha512-wKyQRQpjJ0sIp62ErSZdGsjMJWsap5oRNihHhu6G7JVO/9jIB6UyevL+tXuOqrng8j/cxKTWyWUwvSTriiZz/g==",
      "dependencies": {
        "emoji-regex": "^8.0.0",
        "is-fullwidth-code-point": "^3.0.0",
        "strip-ansi": "^6.0.1"
      },
      "engines": {
        "node": ">=8"
      }
    },
    "node_modules/strip-ansi": {
      "version": "6.0.1",
      "resolved": "https://registry.npmjs.org/strip-ansi/-/strip-ansi-6.0.1.tgz",
      "integrity": "sha512-Y38VPSHcqkFrCpFnQ9vuSXmquuv5oXOKpGeT6aGrr3o3Gc9AlVa6JBfUSOCnbxGGZF+/0ooI7KrPuUSztUdU5A==",
      "dependencies": {
        "ansi-regex": "^5.0.1"
      },
      "engines": {
        "node": ">=8"
      }
    },
    "node_modules/supports-color": {
      "version": "7.2.0",
      "resolved": "https://registry.npmjs.org/supports-color/-/supports-color-7.2.0.tgz",
      "integrity": "sha512-qpCAvRl9stuOHveKsn7HncJRvv501qIacKzQlO/+Lwxc9+0q2wLyv4Dfvt80/DPn2pqOBsJdDiogXGR9+OvwRw==",
      "dependencies": {
        "has-flag": "^4.0.0"
      },
      "engines": {
        "node": ">=8"
      }
    },
    "node_modules/tmp": {
      "version": "0.0.33",
      "resolved": "https://registry.npmjs.org/tmp/-/tmp-0.0.33.tgz",
      "integrity": "sha512-jRCJlojKnZ3addtTOjdIqoRuPEKBvNXcGYqzO6zWZX8KfKEpnGY5jfggJQ3EjKuu8D4bJRr0y+cYJFmYbImXGw==",
      "dependencies": {
        "os-tmpdir": "~1.0.2"
      },
      "engines": {
        "node": ">=0.6.0"
      }
    },
    "node_modules/type-fest": {
      "version": "0.21.3",
      "resolved": "https://registry.npmjs.org/type-fest/-/type-fest-0.21.3.tgz",
      "integrity": "sha512-t0rzBq87m3fVcduHDUFhKmyyX+9eo6WQjZvf51Ea/M0Q7+T374Jp1aUiyUl0GKxp8M/OETVHSDvmkyPgvX+X2w==",
      "engines": {
        "node": ">=10"
      },
      "funding": {
        "url": "https://github.com/sponsors/sindresorhus"
      }
    },
    "node_modules/typescript": {
      "version": "5.4.5",
      "resolved": "https://registry.npmjs.org/typescript/-/typescript-5.4.5.tgz",
      "integrity": "sha512-vcI4UpRgg81oIRUFwR0WSIHKt11nJ7SAVlYNIu+QpqeyXP+gpQJy/Z4+F0aGxSE4MqwjyXvW/TzgkLAx2AGHwQ==",
      "dev": true,
      "bin": {
        "tsc": "bin/tsc",
        "tsserver": "bin/tsserver"
      },
      "engines": {
        "node": ">=14.17"
      }
    },
    "node_modules/undici-types": {
      "version": "5.26.5",
      "resolved": "https://registry.npmjs.org/undici-types/-/undici-types-5.26.5.tgz",
      "integrity": "sha512-JlCMO+ehdEIKqlFxk6IfVoAUVmgz7cU7zD/h9XZ0qzeosSHmUJVOzSQvvYSYWXkFXC+IfLKSIffhv0sVZup6pA=="
    },
    "node_modules/wrap-ansi": {
      "version": "7.0.0",
      "resolved": "https://registry.npmjs.org/wrap-ansi/-/wrap-ansi-7.0.0.tgz",
      "integrity": "sha512-YVGIj2kamLSTxw6NsZjoBxfSwsn0ycdesmc4p+Q21c5zPuZ1pl+NfxVdxPtdHvmNVOQ6XSYG4AUtyt/Fi7D16Q==",
      "dependencies": {
        "ansi-styles": "^4.0.0",
        "string-width": "^4.1.0",
        "strip-ansi": "^6.0.0"
      },
      "engines": {
        "node": ">=10"
      },
      "funding": {
        "url": "https://github.com/chalk/wrap-ansi?sponsor=1"
      }
    },
    "node_modules/y18n": {
      "version": "5.0.8",
      "resolved": "https://registry.npmjs.org/y18n/-/y18n-5.0.8.tgz",
      "integrity": "sha512-0pfFzegeDWJHJIAmTLRP2DwHjdF5s7jo9tuztdQxAhINCdvS+3nGINqPd00AphqJR/0LhANUS6/+7SCb98YOfA==",
      "engines": {
        "node": ">=10"
      }
    },
    "node_modules/yargs": {
      "version": "17.7.2",
      "resolved": "https://registry.npmjs.org/yargs/-/yargs-17.7.2.tgz",
      "integrity": "sha512-7dSzzRQ++CKnNI/krKnYRV7JKKPUXMEh61soaHKg9mrWEhzFWhFnxPxGl+69cD1Ou63C13NUPCnmIcrvqCuM6w==",
      "dependencies": {
        "cliui": "^8.0.1",
        "escalade": "^3.1.1",
        "get-caller-file": "^2.0.5",
        "require-directory": "^2.1.1",
        "string-width": "^4.2.3",
        "y18n": "^5.0.5",
        "yargs-parser": "^21.1.1"
      },
      "engines": {
        "node": ">=12"
      }
    },
    "node_modules/yargs-parser": {
      "version": "21.1.1",
      "resolved": "https://registry.npmjs.org/yargs-parser/-/yargs-parser-21.1.1.tgz",
      "integrity": "sha512-tVpsJW7DdjecAiFpbIB1e3qxIQsE6NoPc5/eTdrbbIC4h0LVsWhnoa3g+m2HclBIujHzsxZ4VJVA+GUuc2/LBw==",
      "engines": {
        "node": ">=12"
      }
    }
  },
  "dependencies": {
    "@inquirer/checkbox": {
      "version": "2.3.3",
      "resolved": "https://registry.npmjs.org/@inquirer/checkbox/-/checkbox-2.3.3.tgz",
      "integrity": "sha512-R64X8RVjVrMLg9wmCB5WTy8R97a/zAYrPdjY1tOybadg4zwx7mk+0Fy69H1pT0x4PRdcMO/CyPmDI0gLooakmw==",
      "requires": {
        "@inquirer/core": "^8.2.0",
        "@inquirer/figures": "^1.0.1",
        "@inquirer/type": "^1.3.1",
        "ansi-escapes": "^4.3.2",
        "chalk": "^4.1.2"
      }
    },
    "@inquirer/confirm": {
      "version": "3.1.7",
      "resolved": "https://registry.npmjs.org/@inquirer/confirm/-/confirm-3.1.7.tgz",
      "integrity": "sha512-BZjjj19W8gnh5UGFTdP5ZxpgMNRjy03Dzq3k28sB2MDlEUFrcyTkMEoGgvBmGpUw0vNBoCJkTcbHZ3e9tb+d+w==",
      "requires": {
        "@inquirer/core": "^8.2.0",
        "@inquirer/type": "^1.3.1"
      }
    },
    "@inquirer/core": {
      "version": "8.2.0",
      "resolved": "https://registry.npmjs.org/@inquirer/core/-/core-8.2.0.tgz",
      "integrity": "sha512-pexNF9j2orvMMTgoQ/uKOw8V6/R7x/sIDwRwXRhl4i0pPSh6paRzFehpFKpfMbqix1/+gzCekhYTmVbQpWkVjQ==",
      "requires": {
        "@inquirer/figures": "^1.0.1",
        "@inquirer/type": "^1.3.1",
        "@types/mute-stream": "^0.0.4",
        "@types/node": "^20.12.11",
        "@types/wrap-ansi": "^3.0.0",
        "ansi-escapes": "^4.3.2",
        "chalk": "^4.1.2",
        "cli-spinners": "^2.9.2",
        "cli-width": "^4.1.0",
        "mute-stream": "^1.0.0",
        "signal-exit": "^4.1.0",
        "strip-ansi": "^6.0.1",
        "wrap-ansi": "^6.2.0"
      },
      "dependencies": {
        "wrap-ansi": {
          "version": "6.2.0",
          "resolved": "https://registry.npmjs.org/wrap-ansi/-/wrap-ansi-6.2.0.tgz",
          "integrity": "sha512-r6lPcBGxZXlIcymEu7InxDMhdW0KDxpLgoFLcguasxCaJ/SOIZwINatK9KY/tf+ZrlywOKU0UDj3ATXUBfxJXA==",
          "requires": {
            "ansi-styles": "^4.0.0",
            "string-width": "^4.1.0",
            "strip-ansi": "^6.0.0"
          }
        }
      }
    },
    "@inquirer/editor": {
      "version": "2.1.7",
      "resolved": "https://registry.npmjs.org/@inquirer/editor/-/editor-2.1.7.tgz",
      "integrity": "sha512-CGZk//rg57zgXqMp8q8tE2HCc5/rwCC0IwIEtZeb1BF/GJIFlijp4wvN9PeXHsEQ+ul2qRz/0dEk1JqmZzbSbA==",
      "requires": {
        "@inquirer/core": "^8.2.0",
        "@inquirer/type": "^1.3.1",
        "external-editor": "^3.1.0"
      }
    },
    "@inquirer/expand": {
      "version": "2.1.7",
      "resolved": "https://registry.npmjs.org/@inquirer/expand/-/expand-2.1.7.tgz",
      "integrity": "sha512-zwdd5Zur3kdlpthXwk3O4kH5/bXAdZA/Qfl9v7MFf2Un68Cq8XLATp/gH3iMkHcQtyyBemPFgzD9pHNq0piToQ==",
      "requires": {
        "@inquirer/core": "^8.2.0",
        "@inquirer/type": "^1.3.1",
        "chalk": "^4.1.2"
      }
    },
    "@inquirer/figures": {
      "version": "1.0.1",
      "resolved": "https://registry.npmjs.org/@inquirer/figures/-/figures-1.0.1.tgz",
      "integrity": "sha512-mtup3wVKia3ZwULPHcbs4Mor8Voi+iIXEWD7wCNbIO6lYR62oPCTQyrddi5OMYVXHzeCSoneZwJuS8sBvlEwDw=="
    },
    "@inquirer/input": {
      "version": "2.1.7",
      "resolved": "https://registry.npmjs.org/@inquirer/input/-/input-2.1.7.tgz",
      "integrity": "sha512-eRdwlHJI4bpYsi4icIthsz1rZGIrlfufzRZdCf2i1qfQZ8d3vLTWcILIWV7cnjD4v/nrZ81RthRaQog/uxlcGA==",
      "requires": {
        "@inquirer/core": "^8.2.0",
        "@inquirer/type": "^1.3.1"
      }
    },
    "@inquirer/password": {
      "version": "2.1.7",
      "resolved": "https://registry.npmjs.org/@inquirer/password/-/password-2.1.7.tgz",
      "integrity": "sha512-RshkS0CRJYJO4Yxbl6MqkC3OQlU4Dmv4mNxxvoYYfRcPtC/UBLYcddm+lIDHi3zegkto9kmSNYXTCQKYNxinvg==",
      "requires": {
        "@inquirer/core": "^8.2.0",
        "@inquirer/type": "^1.3.1",
        "ansi-escapes": "^4.3.2"
      }
    },
    "@inquirer/prompts": {
      "version": "5.0.3",
      "resolved": "https://registry.npmjs.org/@inquirer/prompts/-/prompts-5.0.3.tgz",
      "integrity": "sha512-OuSDMbUDlJUOXzlC0z35KWPH+2+W7Y8jPayT92A3L2Ip4ChM4XgcqNlOdPxoDTvKRMcDIddI8gzAQg1WtNB7gA==",
      "requires": {
        "@inquirer/checkbox": "^2.3.3",
        "@inquirer/confirm": "^3.1.7",
        "@inquirer/editor": "^2.1.7",
        "@inquirer/expand": "^2.1.7",
        "@inquirer/input": "^2.1.7",
        "@inquirer/password": "^2.1.7",
        "@inquirer/rawlist": "^2.1.7",
        "@inquirer/select": "^2.3.3"
      }
    },
    "@inquirer/rawlist": {
      "version": "2.1.7",
      "resolved": "https://registry.npmjs.org/@inquirer/rawlist/-/rawlist-2.1.7.tgz",
      "integrity": "sha512-r4tsdYWsYanwEl7MBqmf8GaZTbUAh51C3tMwozOYrAl2wT9YEQVSMDlkcMToFsisRCSq6mQ6zppv92masx4WRQ==",
      "requires": {
        "@inquirer/core": "^8.2.0",
        "@inquirer/type": "^1.3.1",
        "chalk": "^4.1.2"
      }
    },
    "@inquirer/select": {
      "version": "2.3.3",
      "resolved": "https://registry.npmjs.org/@inquirer/select/-/select-2.3.3.tgz",
      "integrity": "sha512-0ptHMogTnyTNKIJVEfCl4fFDQSzIR2/SjgBoD1MLXDszP3UbkYroZ9ii3e6x7dMCWrPGkGWZPyxpy3Rs55vWLw==",
      "requires": {
        "@inquirer/core": "^8.2.0",
        "@inquirer/figures": "^1.0.1",
        "@inquirer/type": "^1.3.1",
        "ansi-escapes": "^4.3.2",
        "chalk": "^4.1.2"
      }
    },
    "@inquirer/type": {
      "version": "1.3.1",
      "resolved": "https://registry.npmjs.org/@inquirer/type/-/type-1.3.1.tgz",
      "integrity": "sha512-Pe3PFccjPVJV1vtlfVvm9OnlbxqdnP5QcscFEFEnK5quChf1ufZtM0r8mR5ToWHMxZOh0s8o/qp9ANGRTo/DAw=="
    },
    "@types/mute-stream": {
      "version": "0.0.4",
      "resolved": "https://registry.npmjs.org/@types/mute-stream/-/mute-stream-0.0.4.tgz",
      "integrity": "sha512-CPM9nzrCPPJHQNA9keH9CVkVI+WR5kMa+7XEs5jcGQ0VoAGnLv242w8lIVgwAEfmE4oufJRaTc9PNLQl0ioAow==",
      "requires": {
        "@types/node": "*"
      }
    },
    "@types/node": {
      "version": "20.12.12",
      "resolved": "https://registry.npmjs.org/@types/node/-/node-20.12.12.tgz",
      "integrity": "sha512-eWLDGF/FOSPtAvEqeRAQ4C8LSA7M1I7i0ky1I8U7kD1J5ITyW3AsRhQrKVoWf5pFKZ2kILsEGJhsI9r93PYnOw==",
      "requires": {
        "undici-types": "~5.26.4"
      }
    },
    "@types/wrap-ansi": {
      "version": "3.0.0",
      "resolved": "https://registry.npmjs.org/@types/wrap-ansi/-/wrap-ansi-3.0.0.tgz",
      "integrity": "sha512-ltIpx+kM7g/MLRZfkbL7EsCEjfzCcScLpkg37eXEtx5kmrAKBkTJwd1GIAjDSL8wTpM6Hzn5YO4pSb91BEwu1g=="
    },
    "@types/yargs": {
      "version": "17.0.32",
      "resolved": "https://registry.npmjs.org/@types/yargs/-/yargs-17.0.32.tgz",
      "integrity": "sha512-xQ67Yc/laOG5uMfX/093MRlGGCIBzZMarVa+gfNKJxWAIgykYpVGkBdbqEzGDDfCrVUj6Hiff4mTZ5BA6TmAog==",
      "dev": true,
      "requires": {
        "@types/yargs-parser": "*"
      }
    },
    "@types/yargs-parser": {
      "version": "21.0.3",
      "resolved": "https://registry.npmjs.org/@types/yargs-parser/-/yargs-parser-21.0.3.tgz",
      "integrity": "sha512-I4q9QU9MQv4oEOz4tAHJtNz1cwuLxn2F3xcc2iV5WdqLPpUnj30aUuxt1mAxYTG+oe8CZMV/+6rU4S4gRDzqtQ==",
      "dev": true
    },
    "ansi-escapes": {
      "version": "4.3.2",
      "resolved": "https://registry.npmjs.org/ansi-escapes/-/ansi-escapes-4.3.2.tgz",
      "integrity": "sha512-gKXj5ALrKWQLsYG9jlTRmR/xKluxHV+Z9QEwNIgCfM1/uwPMCuzVVnh5mwTd+OuBZcwSIMbqssNWRm1lE51QaQ==",
      "requires": {
        "type-fest": "^0.21.3"
      }
    },
    "ansi-regex": {
      "version": "5.0.1",
      "resolved": "https://registry.npmjs.org/ansi-regex/-/ansi-regex-5.0.1.tgz",
      "integrity": "sha512-quJQXlTSUGL2LH9SUXo8VwsY4soanhgo6LNSm84E1LBcE8s3O0wpdiRzyR9z/ZZJMlMWv37qOOb9pdJlMUEKFQ=="
    },
    "ansi-styles": {
      "version": "4.3.0",
      "resolved": "https://registry.npmjs.org/ansi-styles/-/ansi-styles-4.3.0.tgz",
      "integrity": "sha512-zbB9rCJAT1rbjiVDb2hqKFHNYLxgtk8NURxZ3IZwD3F6NtxbXZQCnnSi1Lkx+IDohdPlFp222wVALIheZJQSEg==",
      "requires": {
        "color-convert": "^2.0.1"
      }
    },
    "chalk": {
      "version": "4.1.2",
      "resolved": "https://registry.npmjs.org/chalk/-/chalk-4.1.2.tgz",
      "integrity": "sha512-oKnbhFyRIXpUuez8iBMmyEa4nbj4IOQyuhc/wy9kY7/WVPcwIO9VA668Pu8RkO7+0G76SLROeyw9CpQ061i4mA==",
      "requires": {
        "ansi-styles": "^4.1.0",
        "supports-color": "^7.1.0"
      }
    },
    "chardet": {
      "version": "0.7.0",
      "resolved": "https://registry.npmjs.org/chardet/-/chardet-0.7.0.tgz",
      "integrity": "sha512-mT8iDcrh03qDGRRmoA2hmBJnxpllMR+0/0qlzjqZES6NdiWDcZkCNAk4rPFZ9Q85r27unkiNNg8ZOiwZXBHwcA=="
    },
    "cli-spinners": {
      "version": "2.9.2",
      "resolved": "https://registry.npmjs.org/cli-spinners/-/cli-spinners-2.9.2.tgz",
      "integrity": "sha512-ywqV+5MmyL4E7ybXgKys4DugZbX0FC6LnwrhjuykIjnK9k8OQacQ7axGKnjDXWNhns0xot3bZI5h55H8yo9cJg=="
    },
    "cli-width": {
      "version": "4.1.0",
      "resolved": "https://registry.npmjs.org/cli-width/-/cli-width-4.1.0.tgz",
      "integrity": "sha512-ouuZd4/dm2Sw5Gmqy6bGyNNNe1qt9RpmxveLSO7KcgsTnU7RXfsw+/bukWGo1abgBiMAic068rclZsO4IWmmxQ=="
    },
    "cliui": {
      "version": "8.0.1",
      "resolved": "https://registry.npmjs.org/cliui/-/cliui-8.0.1.tgz",
      "integrity": "sha512-BSeNnyus75C4//NQ9gQt1/csTXyo/8Sb+afLAkzAptFuMsod9HFokGNudZpi/oQV73hnVK+sR+5PVRMd+Dr7YQ==",
      "requires": {
        "string-width": "^4.2.0",
        "strip-ansi": "^6.0.1",
        "wrap-ansi": "^7.0.0"
      }
    },
    "color-convert": {
      "version": "2.0.1",
      "resolved": "https://registry.npmjs.org/color-convert/-/color-convert-2.0.1.tgz",
      "integrity": "sha512-RRECPsj7iu/xb5oKYcsFHSppFNnsj/52OVTRKb4zP5onXwVF3zVmmToNcOfGC+CRDpfK/U584fMg38ZHCaElKQ==",
      "requires": {
        "color-name": "~1.1.4"
      }
    },
    "color-name": {
      "version": "1.1.4",
      "resolved": "https://registry.npmjs.org/color-name/-/color-name-1.1.4.tgz",
      "integrity": "sha512-dOy+3AuW3a2wNbZHIuMZpTcgjGuLU/uBL/ubcZF9OXbDo8ff4O8yVp5Bf0efS8uEoYo5q4Fx7dY9OgQGXgAsQA=="
    },
    "emoji-regex": {
      "version": "8.0.0",
      "resolved": "https://registry.npmjs.org/emoji-regex/-/emoji-regex-8.0.0.tgz",
      "integrity": "sha512-MSjYzcWNOA0ewAHpz0MxpYFvwg6yjy1NG3xteoqz644VCo/RPgnr1/GGt+ic3iJTzQ8Eu3TdM14SawnVUmGE6A=="
    },
    "escalade": {
      "version": "3.1.2",
      "resolved": "https://registry.npmjs.org/escalade/-/escalade-3.1.2.tgz",
      "integrity": "sha512-ErCHMCae19vR8vQGe50xIsVomy19rg6gFu3+r3jkEO46suLMWBksvVyoGgQV+jOfl84ZSOSlmv6Gxa89PmTGmA=="
    },
    "external-editor": {
      "version": "3.1.0",
      "resolved": "https://registry.npmjs.org/external-editor/-/external-editor-3.1.0.tgz",
      "integrity": "sha512-hMQ4CX1p1izmuLYyZqLMO/qGNw10wSv9QDCPfzXfyFrOaCSSoRfqE1Kf1s5an66J5JZC62NewG+mK49jOCtQew==",
      "requires": {
        "chardet": "^0.7.0",
        "iconv-lite": "^0.4.24",
        "tmp": "^0.0.33"
      }
    },
    "g": {
      "version": "2.0.1",
      "resolved": "https://registry.npmjs.org/g/-/g-2.0.1.tgz",
      "integrity": "sha512-Fi6Ng5fZ/ANLQ15H11hCe+09sgUoNvDEBevVgx3KoYOhsH5iLNPn54hx0jPZ+3oSWr+xajnp2Qau9VmPsc7hTA=="
    },
    "get-caller-file": {
      "version": "2.0.5",
      "resolved": "https://registry.npmjs.org/get-caller-file/-/get-caller-file-2.0.5.tgz",
      "integrity": "sha512-DyFP3BM/3YHTQOCUL/w0OZHR0lpKeGrxotcHWcqNEdnltqFwXVfhEBQ94eIo34AfQpo0rGki4cyIiftY06h2Fg=="
    },
    "has-flag": {
      "version": "4.0.0",
      "resolved": "https://registry.npmjs.org/has-flag/-/has-flag-4.0.0.tgz",
      "integrity": "sha512-EykJT/Q1KjTWctppgIAgfSO0tKVuZUjhgMr17kqTumMl6Afv3EISleU7qZUzoXDFTAHTDC4NOoG/ZxU3EvlMPQ=="
    },
    "iconv-lite": {
      "version": "0.4.24",
      "resolved": "https://registry.npmjs.org/iconv-lite/-/iconv-lite-0.4.24.tgz",
      "integrity": "sha512-v3MXnZAcvnywkTUEZomIActle7RXXeedOR31wwl7VlyoXO4Qi9arvSenNQWne1TcRwhCL1HwLI21bEqdpj8/rA==",
      "requires": {
        "safer-buffer": ">= 2.1.2 < 3"
      }
    },
    "is-fullwidth-code-point": {
      "version": "3.0.0",
      "resolved": "https://registry.npmjs.org/is-fullwidth-code-point/-/is-fullwidth-code-point-3.0.0.tgz",
      "integrity": "sha512-zymm5+u+sCsSWyD9qNaejV3DFvhCKclKdizYaJUuHA83RLjb7nSuGnddCHGv0hk+KY7BMAlsWeK4Ueg6EV6XQg=="
    },
    "mute-stream": {
      "version": "1.0.0",
      "resolved": "https://registry.npmjs.org/mute-stream/-/mute-stream-1.0.0.tgz",
      "integrity": "sha512-avsJQhyd+680gKXyG/sQc0nXaC6rBkPOfyHYcFb9+hdkqQkR9bdnkJ0AMZhke0oesPqIO+mFFJ+IdBc7mst4IA=="
    },
    "os-tmpdir": {
      "version": "1.0.2",
      "resolved": "https://registry.npmjs.org/os-tmpdir/-/os-tmpdir-1.0.2.tgz",
      "integrity": "sha512-D2FR03Vir7FIu45XBY20mTb+/ZSWB00sjU9jdQXt83gDrI4Ztz5Fs7/yy74g2N5SVQY4xY1qDr4rNddwYRVX0g=="
    },
    "require-directory": {
      "version": "2.1.1",
      "resolved": "https://registry.npmjs.org/require-directory/-/require-directory-2.1.1.tgz",
      "integrity": "sha512-fGxEI7+wsG9xrvdjsrlmL22OMTTiHRwAMroiEeMgq8gzoLC/PQr7RsRDSTLUg/bZAZtF+TVIkHc6/4RIKrui+Q=="
    },
    "safer-buffer": {
      "version": "2.1.2",
      "resolved": "https://registry.npmjs.org/safer-buffer/-/safer-buffer-2.1.2.tgz",
      "integrity": "sha512-YZo3K82SD7Riyi0E1EQPojLz7kpepnSQI9IyPbHHg1XXXevb5dJI7tpyN2ADxGcQbHG7vcyRHk0cbwqcQriUtg=="
    },
    "signal-exit": {
      "version": "4.1.0",
      "resolved": "https://registry.npmjs.org/signal-exit/-/signal-exit-4.1.0.tgz",
      "integrity": "sha512-bzyZ1e88w9O1iNJbKnOlvYTrWPDl46O1bG0D3XInv+9tkPrxrN8jUUTiFlDkkmKWgn1M6CfIA13SuGqOa9Korw=="
    },
    "string-width": {
      "version": "4.2.3",
      "resolved": "https://registry.npmjs.org/string-width/-/string-width-4.2.3.tgz",
      "integrity": "sha512-wKyQRQpjJ0sIp62ErSZdGsjMJWsap5oRNihHhu6G7JVO/9jIB6UyevL+tXuOqrng8j/cxKTWyWUwvSTriiZz/g==",
      "requires": {
        "emoji-regex": "^8.0.0",
        "is-fullwidth-code-point": "^3.0.0",
        "strip-ansi": "^6.0.1"
      }
    },
    "strip-ansi": {
      "version": "6.0.1",
      "resolved": "https://registry.npmjs.org/strip-ansi/-/strip-ansi-6.0.1.tgz",
      "integrity": "sha512-Y38VPSHcqkFrCpFnQ9vuSXmquuv5oXOKpGeT6aGrr3o3Gc9AlVa6JBfUSOCnbxGGZF+/0ooI7KrPuUSztUdU5A==",
      "requires": {
        "ansi-regex": "^5.0.1"
      }
    },
    "supports-color": {
      "version": "7.2.0",
      "resolved": "https://registry.npmjs.org/supports-color/-/supports-color-7.2.0.tgz",
      "integrity": "sha512-qpCAvRl9stuOHveKsn7HncJRvv501qIacKzQlO/+Lwxc9+0q2wLyv4Dfvt80/DPn2pqOBsJdDiogXGR9+OvwRw==",
      "requires": {
        "has-flag": "^4.0.0"
      }
    },
    "tmp": {
      "version": "0.0.33",
      "resolved": "https://registry.npmjs.org/tmp/-/tmp-0.0.33.tgz",
      "integrity": "sha512-jRCJlojKnZ3addtTOjdIqoRuPEKBvNXcGYqzO6zWZX8KfKEpnGY5jfggJQ3EjKuu8D4bJRr0y+cYJFmYbImXGw==",
      "requires": {
        "os-tmpdir": "~1.0.2"
      }
    },
    "type-fest": {
      "version": "0.21.3",
      "resolved": "https://registry.npmjs.org/type-fest/-/type-fest-0.21.3.tgz",
      "integrity": "sha512-t0rzBq87m3fVcduHDUFhKmyyX+9eo6WQjZvf51Ea/M0Q7+T374Jp1aUiyUl0GKxp8M/OETVHSDvmkyPgvX+X2w=="
    },
    "typescript": {
      "version": "5.4.5",
      "resolved": "https://registry.npmjs.org/typescript/-/typescript-5.4.5.tgz",
      "integrity": "sha512-vcI4UpRgg81oIRUFwR0WSIHKt11nJ7SAVlYNIu+QpqeyXP+gpQJy/Z4+F0aGxSE4MqwjyXvW/TzgkLAx2AGHwQ==",
      "dev": true
    },
    "undici-types": {
      "version": "5.26.5",
      "resolved": "https://registry.npmjs.org/undici-types/-/undici-types-5.26.5.tgz",
      "integrity": "sha512-JlCMO+ehdEIKqlFxk6IfVoAUVmgz7cU7zD/h9XZ0qzeosSHmUJVOzSQvvYSYWXkFXC+IfLKSIffhv0sVZup6pA=="
    },
    "wrap-ansi": {
      "version": "7.0.0",
      "resolved": "https://registry.npmjs.org/wrap-ansi/-/wrap-ansi-7.0.0.tgz",
      "integrity": "sha512-YVGIj2kamLSTxw6NsZjoBxfSwsn0ycdesmc4p+Q21c5zPuZ1pl+NfxVdxPtdHvmNVOQ6XSYG4AUtyt/Fi7D16Q==",
      "requires": {
        "ansi-styles": "^4.0.0",
        "string-width": "^4.1.0",
        "strip-ansi": "^6.0.0"
      }
    },
    "y18n": {
      "version": "5.0.8",
      "resolved": "https://registry.npmjs.org/y18n/-/y18n-5.0.8.tgz",
      "integrity": "sha512-0pfFzegeDWJHJIAmTLRP2DwHjdF5s7jo9tuztdQxAhINCdvS+3nGINqPd00AphqJR/0LhANUS6/+7SCb98YOfA=="
    },
    "yargs": {
      "version": "17.7.2",
      "resolved": "https://registry.npmjs.org/yargs/-/yargs-17.7.2.tgz",
      "integrity": "sha512-7dSzzRQ++CKnNI/krKnYRV7JKKPUXMEh61soaHKg9mrWEhzFWhFnxPxGl+69cD1Ou63C13NUPCnmIcrvqCuM6w==",
      "requires": {
        "cliui": "^8.0.1",
        "escalade": "^3.1.1",
        "get-caller-file": "^2.0.5",
        "require-directory": "^2.1.1",
        "string-width": "^4.2.3",
        "y18n": "^5.0.5",
        "yargs-parser": "^21.1.1"
      }
    },
    "yargs-parser": {
      "version": "21.1.1",
      "resolved": "https://registry.npmjs.org/yargs-parser/-/yargs-parser-21.1.1.tgz",
      "integrity": "sha512-tVpsJW7DdjecAiFpbIB1e3qxIQsE6NoPc5/eTdrbbIC4h0LVsWhnoa3g+m2HclBIujHzsxZ4VJVA+GUuc2/LBw=="
    }
  }
}
